{
  "object": {
    "pins": [
      {
        "package": "PromiseKit",
        "repositoryURL": "https://github.com/mxcl/PromiseKit.git",
        "state": {
          "branch": "v6",
          "revision": "3fd8c77ded8a4bbee548e3bd6c987ffe8c1e3574",
          "version": null
        }
      }
    ]
  },
  "version": 1
}
